// !$*UTF8*$!
{
	archiveVersion = 1;
	classes = {
	};
	objectVersion = 46;
	objects = {

/* Begin PBXBuildFile section */
		10346F5B1CFC408C0015B76B /* FNBlingBlingLabel.swift in Sources */ = {isa = PBXBuildFile; fileRef = 10346F5A1CFC408C0015B76B /* FNBlingBlingLabel.swift */; };
		10F4375C1CFB1CD9003A2D3A /* AppDelegate.swift in Sources */ = {isa = PBXBuildFile; fileRef = 10F4375B1CFB1CD9003A2D3A /* AppDelegate.swift */; };
		10F4375E1CFB1CD9003A2D3A /* ViewController.swift in Sources */ = {isa = PBXBuildFile; fileRef = 10F4375D1CFB1CD9003A2D3A /* ViewController.swift */; };
		10F437611CFB1CD9003A2D3A /* Main.storyboard in Resources */ = {isa = PBXBuildFile; fileRef = 10F4375F1CFB1CD9003A2D3A /* Main.storyboard */; };
		10F437631CFB1CD9003A2D3A /* Assets.xcassets in Resources */ = {isa = PBXBuildFile; fileRef = 10F437621CFB1CD9003A2D3A /* Assets.xcassets */; };
		10F437661CFB1CD9003A2D3A /* LaunchScreen.storyboard in Resources */ = {isa = PBXBuildFile; fileRef = 10F437641CFB1CD9003A2D3A /* LaunchScreen.storyboard */; };
/* End PBXBuildFile section */

/* Begin PBXFileReference section */
		10346F5A1CFC408C0015B76B /* FNBlingBlingLabel.swift */ = {isa = PBXFileReference; fileEncoding = 4; lastKnownFileType = sourcecode.swift; path = FNBlingBlingLabel.swift; sourceTree = "<group>"; };
		10F437581CFB1CD9003A2D3A /* Ani-Lillard.app */ = {isa = PBXFileReference; explicitFileType = wrapper.application; includeInIndex = 0; path = "Ani-Lillard.app"; sourceTree = BUILT_PRODUCTS_DIR; };
		10F4375B1CFB1CD9003A2D3A /* AppDelegate.swift */ = {isa = PBXFileReference; lastKnownFileType = sourcecode.swift; path = AppDelegate.swift; sourceTree = "<group>"; };
		10F4375D1CFB1CD9003A2D3A /* ViewController.swift */ = {isa = PBXFileReference; lastKnownFileType = sourcecode.swift; path = ViewController.swift; sourceTree = "<group>"; };
		10F437601CFB1CD9003A2D3A /* Base */ = {isa = PBXFileReference; lastKnownFileType = file.storyboard; name = Base; path = Base.lproj/Main.storyboard; sourceTree = "<group>"; };
		10F437621CFB1CD9003A2D3A /* Assets.xcassets */ = {isa = PBXFileReference; lastKnownFileType = folder.assetcatalog; path = Assets.xcassets; sourceTree = "<group>"; };
		10F437651CFB1CD9003A2D3A /* Base */ = {isa = PBXFileReference; lastKnownFileType = file.storyboard; name = Base; path = Base.lproj/LaunchScreen.storyboard; sourceTree = "<group>"; };
		10F437671CFB1CD9003A2D3A /* Info.plist */ = {isa = PBXFileReference; lastKnownFileType = text.plist.xml; path = Info.plist; sourceTree = "<group>"; };
/* End PBXFileReference section */

/* Begin PBXFrameworksBuildPhase section */
		10F437551CFB1CD9003A2D3A /* Frameworks */ = {
			isa = PBXFrameworksBuildPhase;
			buildActionMask = 2147483647;
			files = (
			);
			runOnlyForDeploymentPostprocessing = 0;
		};
/* End PBXFrameworksBuildPhase section */

/* Begin PBXGroup section */
		10346F591CFC40690015B76B /* FNBlingBlingLabel */ = {
			isa = PBXGroup;
			children = (
				10346F5A1CFC408C0015B76B /* FNBlingBlingLabel.swift */,
			);
			path = FNBlingBlingLabel;
			sourceTree = "<group>";
		};
		10F4374F1CFB1CD9003A2D3A = {
			isa = PBXGroup;
			children = (
				10F4375A1CFB1CD9003A2D3A /* Ani-Lillard */,
				10F437591CFB1CD9003A2D3A /* Products */,
			);
			sourceTree = "<group>";
		};
		10F437591CFB1CD9003A2D3A /* Products */ = {
			isa = PBXGroup;
			children = (
				10F437581CFB1CD9003A2D3A /* Ani-Lillard.app */,
			);
			name = Products;
			sourceTree = "<group>";
		};
		10F4375A1CFB1CD9003A2D3A /* Ani-Lillard */ = {
			isa = PBXGroup;
			children = (
				10346F591CFC40690015B76B /* FNBlingBlingLabel */,
				10F4375B1CFB1CD9003A2D3A /* AppDelegate.swift */,
				10F4375D1CFB1CD9003A2D3A /* ViewController.swift */,
				10F4375F1CFB1CD9003A2D3A /* Main.storyboard */,
				10F437621CFB1CD9003A2D3A /* Assets.xcassets */,
				10F437641CFB1CD9003A2D3A /* LaunchScreen.storyboard */,
				10F437671CFB1CD9003A2D3A /* Info.plist */,
			);
			path = "Ani-Lillard";
			sourceTree = "<group>";
		};
/* End PBXGroup section */

/* Begin PBXNativeTarget section */
		10F437571CFB1CD9003A2D3A /* Ani-Lillard */ = {
			isa = PBXNativeTarget;
			buildConfigurationList = 10F4376A1CFB1CD9003A2D3A /* Build configuration list for PBXNativeTarget "Ani-Lillard" */;
			buildPhases = (
				10F437541CFB1CD9003A2D3A /* Sources */,
				10F437551CFB1CD9003A2D3A /* Frameworks */,
				10F437561CFB1CD9003A2D3A /* Resources */,
			);
			buildRules = (
			);
			dependencies = (
			);
			name = "Ani-Lillard";
			productName = "Ani-Lillard";
			productReference = 10F437581CFB1CD9003A2D3A /* Ani-Lillard.app */;
			productType = "com.apple.product-type.application";
		};
/* End PBXNativeTarget section */

/* Begin PBXProject section */
		10F437501CFB1CD9003A2D3A /* Project object */ = {
			isa = PBXProject;
			attributes = {
				LastSwiftUpdateCheck = 0730;
				LastUpgradeCheck = 0730;
				ORGANIZATIONNAME = Fnoz;
				TargetAttributes = {
					10F437571CFB1CD9003A2D3A = {
						CreatedOnToolsVersion = 7.3;
					};
				};
			};
			buildConfigurationList = 10F437531CFB1CD9003A2D3A /* Build configuration list for PBXProject "Ani-Lillard" */;
			compatibilityVersion = "Xcode 3.2";
			developmentRegion = English;
			hasScannedForEncodings = 0;
			knownRegions = (
				en,
				Base,
			);
			mainGroup = 10F4374F1CFB1CD9003A2D3A;
			productRefGroup = 10F437591CFB1CD9003A2D3A /* Products */;
			projectDirPath = "";
			projectRoot = "";
			targets = (
				10F437571CFB1CD9003A2D3A /* Ani-Lillard */,
			);
		};
/* End PBXProject section */

/* Begin PBXResourcesBuildPhase section */
		10F437561CFB1CD9003A2D3A /* Resources */ = {
			isa = PBXResourcesBuildPhase;
			buildActionMask = 2147483647;
			files = (
				10F437661CFB1CD9003A2D3A /* LaunchScreen.storyboard in Resources */,
				10F437631CFB1CD9003A2D3A /* Assets.xcassets in Resources */,
				10F437611CFB1CD9003A2D3A /* Main.storyboard in Resources */,
			);
			runOnlyForDeploymentPostprocessing = 0;
		};
/* End PBXResourcesBuildPhase section */

/* Begin PBXSourcesBuildPhase section */
		10F437541CFB1CD9003A2D3A /* Sources */ = {
			isa = PBXSourcesBuildPhase;
			buildActionMask = 2147483647;
			files = (
				10346F5B1CFC408C0015B76B /* FNBlingBlingLabel.swift in Sources */,
				10F4375E1CFB1CD9003A2D3A /* ViewController.swift in Sources */,
				10F4375C1CFB1CD9003A2D3A /* AppDelegate.swift in Sources */,
			);
			runOnlyForDeploymentPostprocessing = 0;
		};
/* End PBXSourcesBuildPhase section */

/* Begin PBXVariantGroup section */
		10F4375F1CFB1CD9003A2D3A /* Main.storyboard */ = {
			isa = PBXVariantGroup;
			children = (
				10F437601CFB1CD9003A2D3A /* Base */,
			);
			name = Main.storyboard;
			sourceTree = "<group>";
		};
		10F437641CFB1CD9003A2D3A /* LaunchScreen.storyboard */ = {
			isa = PBXVariantGroup;
			children = (
				10F437651CFB1CD9003A2D3A /* Base */,
			);
			name = LaunchScreen.storyboard;
			sourceTree = "<group>";
		};
/* End PBXVariantGroup section */

/* Begin XCBuildConfiguration section */
		10F437681CFB1CD9003A2D3A /* Debug */ = {
			isa = XCBuildConfiguration;
			buildSettings = {
				ALWAYS_SEARCH_USER_PATHS = NO;
				CLANG_ANALYZER_NONNULL = YES;
				CLANG_CXX_LANGUAGE_STANDARD = "gnu++0x";
				CLANG_CXX_LIBRARY = "libc++";
				CLANG_ENABLE_MODULES = YES;
				CLANG_ENABLE_OBJC_ARC = YES;
				CLANG_WARN_BOOL_CONVERSION = YES;
				CLANG_WARN_CONSTANT_CONVERSION = YES;
				CLANG_WARN_DIRECT_OBJC_ISA_USAGE = YES_ERROR;
				CLANG_WARN_EMPTY_BODY = YES;
				CLANG_WARN_ENUM_CONVERSION = YES;
				CLANG_WARN_INT_CONVERSION = YES;
				CLANG_WARN_OBJC_ROOT_CLASS = YES_ERROR;
				CLANG_WARN_UNREACHABLE_CODE = YES;
				CLANG_WARN__DUPLICATE_METHOD_MATCH = YES;
				"CODE_SIGN_IDENTITY[sdk=iphoneos*]" = "iPhone Developer";
				COPY_PHASE_STRIP = NO;
				DEBUG_INFORMATION_FORMAT = dwarf;
				ENABLE_STRICT_OBJC_MSGSEND = YES;
				ENABLE_TESTABILITY = YES;
				GCC_C_LANGUAGE_STANDARD = gnu99;
				GCC_DYNAMIC_NO_PIC = NO;
				GCC_NO_COMMON_BLOCKS = YES;
				GCC_OPTIMIZATION_LEVEL = 0;
				GCC_PREPROCESSOR_DEFINITIONS = (
					"DEBUG=1",
					"$(inherited)",
				);
				GCC_WARN_64_TO_32_BIT_CONVERSION = YES;
				GCC_WARN_ABOUT_RETURN_TYPE = YES_ERROR;
				GCC_WARN_UNDECLARED_SELECTOR = YES;
				GCC_WARN_UNINITIALIZED_AUTOS = YES_AGGRESSIVE;
				GCC_WARN_UNUSED_FUNCTION = YES;
				GCC_WARN_UNUSED_VARIABLE = YES;
				IPHONEOS_DEPLOYMENT_TARGET = 9.3;
				MTL_ENABLE_DEBUG_INFO = YES;
				ONLY_ACTIVE_ARCH = YES;
				SDKROOT = iphoneos;
				SWIFT_OPTIMIZATION_LEVEL = "-Onone";
			};
			name = Debug;
		};
		10F437691CFB1CD9003A2D3A /* Release */ = {
			isa = XCBuildConfiguration;
			buildSettings = {
				ALWAYS_SEARCH_USER_PATHS = NO;
				CLANG_ANALYZER_NONNULL = YES;
				CLANG_CXX_LANGUAGE_STANDARD = "gnu++0x";
				CLANG_CXX_LIBRARY = "libc++";
				CLANG_ENABLE_MODULES = YES;
				CLANG_ENABLE_OBJC_ARC = YES;
				CLANG_WARN_BOOL_CONVERSION = YES;
				CLANG_WARN_CONSTANT_CONVERSION = YES;
				CLANG_WARN_DIRECT_OBJC_ISA_USAGE = YES_ERROR;
				CLANG_WARN_EMPTY_BODY = YES;
				CLANG_WARN_ENUM_CONVERSION = YES;
				CLANG_WARN_INT_CONVERSION = YES;
				CLANG_WARN_OBJC_ROOT_CLASS = YES_ERROR;
				CLANG_WARN_UNREACHABLE_CODE = YES;
				CLANG_WARN__DUPLICATE_METHOD_MATCH = YES;
				"CODE_SIGN_IDENTITY[sdk=iphoneos*]" = "iPhone Developer";
				COPY_PHASE_STRIP = NO;
				DEBUG_INFORMATION_FORMAT = "dwarf-with-dsym";
				ENABLE_NS_ASSERTIONS = NO;
				ENABLE_STRICT_OBJC_MSGSEND = YES;
				GCC_C_LANGUAGE_STANDARD = gnu99;
				GCC_NO_COMMON_BLOCKS = YES;
				GCC_WARN_64_TO_32_BIT_CONVERSION = YES;
				GCC_WARN_ABOUT_RETURN_TYPE = YES_ERROR;
				GCC_WARN_UNDECLARED_SELECTOR = YES;
				GCC_WARN_UNINITIALIZED_AUTOS = YES_AGGRESSIVE;
				GCC_WARN_UNUSED_FUNCTION = YES;
				GCC_WARN_UNUSED_VARIABLE = YES;
				IPHONEOS_DEPLOYMENT_TARGET = 9.3;
				MTL_ENABLE_DEBUG_INFO = NO;
				SDKROOT = iphoneos;
				VALIDATE_PRODUCT = YES;
			};
			name = Release;
		};
		10F4376B1CFB1CD9003A2D3A /* Debug */ = {
			isa = XCBuildConfiguration;
			buildSettings = {
				ASSETCATALOG_COMPILER_APPICON_NAME = AppIcon;
				INFOPLIST_FILE = "Ani-Lillard/Info.plist";
				LD_RUNPATH_SEARCH_PATHS = "$(inherited) @executable_path/Frameworks";
				PRODUCT_BUNDLE_IDENTIFIER = "Fnoz.Ani-Lillard";
				PRODUCT_NAME = "$(TARGET_NAME)";
			};
			name = Debug;
		};
		10F4376C1CFB1CD9003A2D3A /* Release */ = {
			isa = XCBuildConfiguration;
			buildSettings = {
				ASSETCATALOG_COMPILER_APPICON_NAME = AppIcon;
				INFOPLIST_FILE = "Ani-Lillard/Info.plist";
				LD_RUNPATH_SEARCH_PATHS = "$(inherited) @executable_path/Frameworks";
				PRODUCT_BUNDLE_IDENTIFIER = "Fnoz.Ani-Lillard";
				PRODUCT_NAME = "$(TARGET_NAME)";
			};
			name = Release;
		};
/* End XCBuildConfiguration section */

/* Begin XCConfigurationList section */
		10F437531CFB1CD9003A2D3A /* Build configuration list for PBXProject "Ani-Lillard" */ = {
			isa = XCConfigurationList;
			buildConfigurations = (
				10F437681CFB1CD9003A2D3A /* Debug */,
				10F437691CFB1CD9003A2D3A /* Release */,
			);
			defaultConfigurationIsVisible = 0;
			defaultConfigurationName = Release;
		};
		10F4376A1CFB1CD9003A2D3A /* Build configuration list for PBXNativeTarget "Ani-Lillard" */ = {
			isa = XCConfigurationList;
			buildConfigurations = (
				10F4376B1CFB1CD9003A2D3A /* Debug */,
				10F4376C1CFB1CD9003A2D3A /* Release */,
			);
			defaultConfigurationIsVisible = 0;
			defaultConfigurationName = Release;
		};
/* End XCConfigurationList section */
	};
	rootObject = 10F437501CFB1CD9003A2D3A /* Project object */;
}
